
Microsoft Visual Studio Solution File, Format Version 12.00
# Visual Studio Version 17
VisualStudioVersion = 17.2.32516.85
MinimumVisualStudioVersion = 10.0.40219.1
Project("{9A19103F-16F7-4668-BE54-9A1E7A4F7556}") = "CelsoMusic.Domain", "CelsoMusic.Domain\CelsoMusic.Domain.csproj", "{160F4B89-4342-459E-AFA8-EB7B546ACA26}"
EndProject
Project("{9A19103F-16F7-4668-BE54-9A1E7A4F7556}") = "CelsoMusic.Repository", "CelsoMusic.Repository\CelsoMusic.Repository.csproj", "{0873D801-0336-4187-8DF1-C05D7128A269}"
EndProject
Project("{9A19103F-16F7-4668-BE54-9A1E7A4F7556}") = "CelsoMusic.Infra", "CelsoMusic.Infra\CelsoMusic.Infra.csproj", "{7D7704A9-86B4-437D-A444-5C8EC812C8BA}"
EndProject
Project("{9A19103F-16F7-4668-BE54-9A1E7A4F7556}") = "CelsoMusic.API", "CelsoMusic.API\CelsoMusic.API.csproj", "{1C793004-5FA6-48C6-B50A-2C97E3642ED3}"
EndProject
Project("{FAE04EC0-301F-11D3-BF4B-00C04F79EFBC}") = "CelsoMusic.Application", "CelsoMusic.Application\CelsoMusic.Application.csproj", "{2F681E24-34C9-4EE9-AF7A-7B6AD8F4DA61}"
EndProject
Project("{FAE04EC0-301F-11D3-BF4B-00C04F79EFBC}") = "CelsoMusic.Test", "CelsoMusic.Test\CelsoMusic.Test.csproj", "{E1400425-7D75-433A-9872-77312DDFC934}"
EndProject
Global
	GlobalSection(SolutionConfigurationPlatforms) = preSolution
		Debug|Any CPU = Debug|Any CPU
		Release|Any CPU = Release|Any CPU
	EndGlobalSection
	GlobalSection(ProjectConfigurationPlatforms) = postSolution
		{160F4B89-4342-459E-AFA8-EB7B546ACA26}.Debug|Any CPU.ActiveCfg = Debug|Any CPU
		{160F4B89-4342-459E-AFA8-EB7B546ACA26}.Debug|Any CPU.Build.0 = Debug|Any CPU
		{160F4B89-4342-459E-AFA8-EB7B546ACA26}.Release|Any CPU.ActiveCfg = Release|Any CPU
		{160F4B89-4342-459E-AFA8-EB7B546ACA26}.Release|Any CPU.Build.0 = Release|Any CPU
		{0873D801-0336-4187-8DF1-C05D7128A269}.Debug|Any CPU.ActiveCfg = Debug|Any CPU
		{0873D801-0336-4187-8DF1-C05D7128A269}.Debug|Any CPU.Build.0 = Debug|Any CPU
		{0873D801-0336-4187-8DF1-C05D7128A269}.Release|Any CPU.ActiveCfg = Release|Any CPU
		{0873D801-0336-4187-8DF1-C05D7128A269}.Release|Any CPU.Build.0 = Release|Any CPU
		{7D7704A9-86B4-437D-A444-5C8EC812C8BA}.Debug|Any CPU.ActiveCfg = Debug|Any CPU
		{7D7704A9-86B4-437D-A444-5C8EC812C8BA}.Debug|Any CPU.Build.0 = Debug|Any CPU
		{7D7704A9-86B4-437D-A444-5C8EC812C8BA}.Release|Any CPU.ActiveCfg = Release|Any CPU
		{7D7704A9-86B4-437D-A444-5C8EC812C8BA}.Release|Any CPU.Build.0 = Release|Any CPU
		{1C793004-5FA6-48C6-B50A-2C97E3642ED3}.Debug|Any CPU.ActiveCfg = Debug|Any CPU
		{1C793004-5FA6-48C6-B50A-2C97E3642ED3}.Debug|Any CPU.Build.0 = Debug|Any CPU
		{1C793004-5FA6-48C6-B50A-2C97E3642ED3}.Release|Any CPU.ActiveCfg = Release|Any CPU
		{1C793004-5FA6-48C6-B50A-2C97E3642ED3}.Release|Any CPU.Build.0 = Release|Any CPU
		{2F681E24-34C9-4EE9-AF7A-7B6AD8F4DA61}.Debug|Any CPU.ActiveCfg = Debug|Any CPU
		{2F681E24-34C9-4EE9-AF7A-7B6AD8F4DA61}.Debug|Any CPU.Build.0 = Debug|Any CPU
		{2F681E24-34C9-4EE9-AF7A-7B6AD8F4DA61}.Release|Any CPU.ActiveCfg = Release|Any CPU
		{2F681E24-34C9-4EE9-AF7A-7B6AD8F4DA61}.Release|Any CPU.Build.0 = Release|Any CPU
		{E1400425-7D75-433A-9872-77312DDFC934}.Debug|Any CPU.ActiveCfg = Debug|Any CPU
		{E1400425-7D75-433A-9872-77312DDFC934}.Debug|Any CPU.Build.0 = Debug|Any CPU
		{E1400425-7D75-433A-9872-77312DDFC934}.Release|Any CPU.ActiveCfg = Release|Any CPU
		{E1400425-7D75-433A-9872-77312DDFC934}.Release|Any CPU.Build.0 = Release|Any CPU
	EndGlobalSection
	GlobalSection(SolutionProperties) = preSolution
		HideSolutionNode = FALSE
	EndGlobalSection
	GlobalSection(ExtensibilityGlobals) = postSolution
		SolutionGuid = {D2C7366A-FAFF-4000-80E8-2F8C28B124A6}
	EndGlobalSection
EndGlobal
